
Microsoft Visual Studio Solution File, Format Version 12.00
# Visual Studio Version 17
VisualStudioVersion = 17.9.34701.34
MinimumVisualStudioVersion = 10.0.40219.1
Project("{FAE04EC0-301F-11D3-BF4B-00C04F79EFBC}") = "meetingProject", "meetingProject\meetingProject.csproj", "{C0CA0103-4680-43A9-B68A-F034BE406571}"
EndProject
Global
	GlobalSection(SolutionConfigurationPlatforms) = preSolution
		Debug|Any CPU = Debug|Any CPU
		Release|Any CPU = Release|Any CPU
	EndGlobalSection
	GlobalSection(ProjectConfigurationPlatforms) = postSolution
		{C0CA0103-4680-43A9-B68A-F034BE406571}.Debug|Any CPU.ActiveCfg = Debug|Any CPU
		{C0CA0103-4680-43A9-B68A-F034BE406571}.Debug|Any CPU.Build.0 = Debug|Any CPU
		{C0CA0103-4680-43A9-B68A-F034BE406571}.Release|Any CPU.ActiveCfg = Release|Any CPU
		{C0CA0103-4680-43A9-B68A-F034BE406571}.Release|Any CPU.Build.0 = Release|Any CPU
	EndGlobalSection
	GlobalSection(SolutionProperties) = preSolution
		HideSolutionNode = FALSE
	EndGlobalSection
	GlobalSection(ExtensibilityGlobals) = postSolution
		SolutionGuid = {61FCA2E8-86C2-4B96-B5FA-7D98466C48AB}
	EndGlobalSection
EndGlobal
